// !$*UTF8*$!
{
	archiveVersion = 1;
	classes = {
	};
	objectVersion = 50;
	objects = {

/* Begin PBXBuildFile section */
		1853B66722130F2100246D2C /* BouldersViewController.swift in Sources */ = {isa = PBXBuildFile; fileRef = 1853B66622130F2100246D2C /* BouldersViewController.swift */; };
		1888549622204FD300C67B82 /* boulder.scnassets in Resources */ = {isa = PBXBuildFile; fileRef = 1888549522204FD300C67B82 /* boulder.scnassets */; };
		18885498222051AB00C67B82 /* problems.scnassets in Resources */ = {isa = PBXBuildFile; fileRef = 18885497222051AB00C67B82 /* problems.scnassets */; };
		18B96C23221C6EB8008268C9 /* BoulderViewController.swift in Sources */ = {isa = PBXBuildFile; fileRef = 18B96C22221C6EB8008268C9 /* BoulderViewController.swift */; };
		18EADC8F2221B8760068D3B8 /* BoulderProblems.swift in Sources */ = {isa = PBXBuildFile; fileRef = 18EADC8E2221B8760068D3B8 /* BoulderProblems.swift */; };
		18FC9D532218753D0086DB2E /* Problems.swift in Sources */ = {isa = PBXBuildFile; fileRef = 18FC9D522218753D0086DB2E /* Problems.swift */; };
		18FC9D55221875530086DB2E /* Boulder.swift in Sources */ = {isa = PBXBuildFile; fileRef = 18FC9D54221875530086DB2E /* Boulder.swift */; };
		18FD6A0A220DE6B700865760 /* AppDelegate.swift in Sources */ = {isa = PBXBuildFile; fileRef = 18FD6A09220DE6B700865760 /* AppDelegate.swift */; };
		18FD6A0C220DE6B700865760 /* ProblemsViewController.swift in Sources */ = {isa = PBXBuildFile; fileRef = 18FD6A0B220DE6B700865760 /* ProblemsViewController.swift */; };
		18FD6A0F220DE6B700865760 /* Main.storyboard in Resources */ = {isa = PBXBuildFile; fileRef = 18FD6A0D220DE6B700865760 /* Main.storyboard */; };
		18FD6A11220DE6B800865760 /* Assets.xcassets in Resources */ = {isa = PBXBuildFile; fileRef = 18FD6A10220DE6B800865760 /* Assets.xcassets */; };
		18FD6A14220DE6B800865760 /* LaunchScreen.storyboard in Resources */ = {isa = PBXBuildFile; fileRef = 18FD6A12220DE6B800865760 /* LaunchScreen.storyboard */; };
		6DD78BFD74A01F92D8EB31BA /* Pods_Todoey.framework in Frameworks */ = {isa = PBXBuildFile; fileRef = 87E30D3FB1B25F5A480CA713 /* Pods_Todoey.framework */; };
/* End PBXBuildFile section */

/* Begin PBXFileReference section */
		03C633948A4AE9AB4DBD95D2 /* Pods-Todoey.release.xcconfig */ = {isa = PBXFileReference; includeInIndex = 1; lastKnownFileType = text.xcconfig; name = "Pods-Todoey.release.xcconfig"; path = "Pods/Target Support Files/Pods-Todoey/Pods-Todoey.release.xcconfig"; sourceTree = "<group>"; };
		1853B66622130F2100246D2C /* BouldersViewController.swift */ = {isa = PBXFileReference; lastKnownFileType = sourcecode.swift; path = BouldersViewController.swift; sourceTree = "<group>"; };
		1888549522204FD300C67B82 /* boulder.scnassets */ = {isa = PBXFileReference; lastKnownFileType = wrapper.scnassets; path = boulder.scnassets; sourceTree = "<group>"; };
		18885497222051AB00C67B82 /* problems.scnassets */ = {isa = PBXFileReference; lastKnownFileType = wrapper.scnassets; path = problems.scnassets; sourceTree = "<group>"; };
		18B96C22221C6EB8008268C9 /* BoulderViewController.swift */ = {isa = PBXFileReference; lastKnownFileType = sourcecode.swift; path = BoulderViewController.swift; sourceTree = "<group>"; };
		18EADC8E2221B8760068D3B8 /* BoulderProblems.swift */ = {isa = PBXFileReference; lastKnownFileType = sourcecode.swift; path = BoulderProblems.swift; sourceTree = "<group>"; };
		18FC9D522218753D0086DB2E /* Problems.swift */ = {isa = PBXFileReference; lastKnownFileType = sourcecode.swift; path = Problems.swift; sourceTree = "<group>"; };
		18FC9D54221875530086DB2E /* Boulder.swift */ = {isa = PBXFileReference; lastKnownFileType = sourcecode.swift; path = Boulder.swift; sourceTree = "<group>"; };
		18FD6A06220DE6B700865760 /* BoulderGuide.app */ = {isa = PBXFileReference; explicitFileType = wrapper.application; includeInIndex = 0; path = BoulderGuide.app; sourceTree = BUILT_PRODUCTS_DIR; };
		18FD6A09220DE6B700865760 /* AppDelegate.swift */ = {isa = PBXFileReference; lastKnownFileType = sourcecode.swift; path = AppDelegate.swift; sourceTree = "<group>"; };
		18FD6A0B220DE6B700865760 /* ProblemsViewController.swift */ = {isa = PBXFileReference; lastKnownFileType = sourcecode.swift; path = ProblemsViewController.swift; sourceTree = "<group>"; };
		18FD6A0E220DE6B700865760 /* Base */ = {isa = PBXFileReference; lastKnownFileType = file.storyboard; name = Base; path = Base.lproj/Main.storyboard; sourceTree = "<group>"; };
		18FD6A10220DE6B800865760 /* Assets.xcassets */ = {isa = PBXFileReference; lastKnownFileType = folder.assetcatalog; path = Assets.xcassets; sourceTree = "<group>"; };
		18FD6A13220DE6B800865760 /* Base */ = {isa = PBXFileReference; lastKnownFileType = file.storyboard; name = Base; path = Base.lproj/LaunchScreen.storyboard; sourceTree = "<group>"; };
		18FD6A15220DE6B800865760 /* Info.plist */ = {isa = PBXFileReference; lastKnownFileType = text.plist.xml; path = Info.plist; sourceTree = "<group>"; };
		87E30D3FB1B25F5A480CA713 /* Pods_Todoey.framework */ = {isa = PBXFileReference; explicitFileType = wrapper.framework; includeInIndex = 0; path = Pods_Todoey.framework; sourceTree = BUILT_PRODUCTS_DIR; };
		981B55136A391C42F97BC508 /* Pods-Todoey.debug.xcconfig */ = {isa = PBXFileReference; includeInIndex = 1; lastKnownFileType = text.xcconfig; name = "Pods-Todoey.debug.xcconfig"; path = "Pods/Target Support Files/Pods-Todoey/Pods-Todoey.debug.xcconfig"; sourceTree = "<group>"; };
/* End PBXFileReference section */

/* Begin PBXFrameworksBuildPhase section */
		18FD6A03220DE6B700865760 /* Frameworks */ = {
			isa = PBXFrameworksBuildPhase;
			buildActionMask = 2147483647;
			files = (
				6DD78BFD74A01F92D8EB31BA /* Pods_Todoey.framework in Frameworks */,
			);
			runOnlyForDeploymentPostprocessing = 0;
		};
/* End PBXFrameworksBuildPhase section */

/* Begin PBXGroup section */
		18D32FCB220F237600B4F973 /* Data Model */ = {
			isa = PBXGroup;
			children = (
				18FC9D522218753D0086DB2E /* Problems.swift */,
				18FC9D54221875530086DB2E /* Boulder.swift */,
				18EADC8E2221B8760068D3B8 /* BoulderProblems.swift */,
			);
			path = "Data Model";
			sourceTree = "<group>";
		};
		18D32FCC220F23A300B4F973 /* Controllers */ = {
			isa = PBXGroup;
			children = (
				1853B66622130F2100246D2C /* BouldersViewController.swift */,
				18FD6A0B220DE6B700865760 /* ProblemsViewController.swift */,
				18B96C22221C6EB8008268C9 /* BoulderViewController.swift */,
			);
			path = Controllers;
			sourceTree = "<group>";
		};
		18D32FCD220F23B900B4F973 /* Views */ = {
			isa = PBXGroup;
			children = (
				18FD6A0D220DE6B700865760 /* Main.storyboard */,
			);
			path = Views;
			sourceTree = "<group>";
		};
		18D32FCE220F23D600B4F973 /* Supprting Files */ = {
			isa = PBXGroup;
			children = (
				18FD6A10220DE6B800865760 /* Assets.xcassets */,
				18FD6A12220DE6B800865760 /* LaunchScreen.storyboard */,
			);
			path = "Supprting Files";
			sourceTree = "<group>";
		};
		18FD69FD220DE6B700865760 = {
			isa = PBXGroup;
			children = (
				18885497222051AB00C67B82 /* problems.scnassets */,
				1888549522204FD300C67B82 /* boulder.scnassets */,
				18FD6A08220DE6B700865760 /* Todoey */,
				18FD6A07220DE6B700865760 /* Products */,
				F2B3E8FAAC801DD3BF1E93F7 /* Pods */,
				FB1E3DEB93291F994A7F2303 /* Frameworks */,
			);
			sourceTree = "<group>";
		};
		18FD6A07220DE6B700865760 /* Products */ = {
			isa = PBXGroup;
			children = (
				18FD6A06220DE6B700865760 /* BoulderGuide.app */,
			);
			name = Products;
			sourceTree = "<group>";
		};
		18FD6A08220DE6B700865760 /* Todoey */ = {
			isa = PBXGroup;
			children = (
				18FD6A09220DE6B700865760 /* AppDelegate.swift */,
				18D32FCB220F237600B4F973 /* Data Model */,
				18D32FCC220F23A300B4F973 /* Controllers */,
				18D32FCD220F23B900B4F973 /* Views */,
				18D32FCE220F23D600B4F973 /* Supprting Files */,
				18FD6A15220DE6B800865760 /* Info.plist */,
			);
			path = Todoey;
			sourceTree = "<group>";
		};
		F2B3E8FAAC801DD3BF1E93F7 /* Pods */ = {
			isa = PBXGroup;
			children = (
				981B55136A391C42F97BC508 /* Pods-Todoey.debug.xcconfig */,
				03C633948A4AE9AB4DBD95D2 /* Pods-Todoey.release.xcconfig */,
			);
			name = Pods;
			sourceTree = "<group>";
		};
		FB1E3DEB93291F994A7F2303 /* Frameworks */ = {
			isa = PBXGroup;
			children = (
				87E30D3FB1B25F5A480CA713 /* Pods_Todoey.framework */,
			);
			name = Frameworks;
			sourceTree = "<group>";
		};
/* End PBXGroup section */

/* Begin PBXNativeTarget section */
		18FD6A05220DE6B700865760 /* BoulderGuide */ = {
			isa = PBXNativeTarget;
			buildConfigurationList = 18FD6A18220DE6B800865760 /* Build configuration list for PBXNativeTarget "BoulderGuide" */;
			buildPhases = (
				D69E73C6B0B0EBA7718D9B1D /* [CP] Check Pods Manifest.lock */,
				18FD6A02220DE6B700865760 /* Sources */,
				18FD6A03220DE6B700865760 /* Frameworks */,
				18FD6A04220DE6B700865760 /* Resources */,
				BFF978E456888F4A86BAF01F /* [CP] Embed Pods Frameworks */,
			);
			buildRules = (
			);
			dependencies = (
			);
			name = BoulderGuide;
			productName = Todoey;
			productReference = 18FD6A06220DE6B700865760 /* BoulderGuide.app */;
			productType = "com.apple.product-type.application";
		};
/* End PBXNativeTarget section */

/* Begin PBXProject section */
		18FD69FE220DE6B700865760 /* Project object */ = {
			isa = PBXProject;
			attributes = {
				LastSwiftUpdateCheck = 1010;
				LastUpgradeCheck = 1010;
				ORGANIZATIONNAME = "Jamie King";
				TargetAttributes = {
					18FD6A05220DE6B700865760 = {
						CreatedOnToolsVersion = 10.1;
					};
				};
			};
			buildConfigurationList = 18FD6A01220DE6B700865760 /* Build configuration list for PBXProject "BoulderGuide" */;
			compatibilityVersion = "Xcode 9.3";
			developmentRegion = en;
			hasScannedForEncodings = 0;
			knownRegions = (
				en,
				Base,
			);
			mainGroup = 18FD69FD220DE6B700865760;
			productRefGroup = 18FD6A07220DE6B700865760 /* Products */;
			projectDirPath = "";
			projectRoot = "";
			targets = (
				18FD6A05220DE6B700865760 /* BoulderGuide */,
			);
		};
/* End PBXProject section */

/* Begin PBXResourcesBuildPhase section */
		18FD6A04220DE6B700865760 /* Resources */ = {
			isa = PBXResourcesBuildPhase;
			buildActionMask = 2147483647;
			files = (
				18FD6A14220DE6B800865760 /* LaunchScreen.storyboard in Resources */,
				18FD6A11220DE6B800865760 /* Assets.xcassets in Resources */,
				18FD6A0F220DE6B700865760 /* Main.storyboard in Resources */,
				18885498222051AB00C67B82 /* problems.scnassets in Resources */,
				1888549622204FD300C67B82 /* boulder.scnassets in Resources */,
			);
			runOnlyForDeploymentPostprocessing = 0;
		};
/* End PBXResourcesBuildPhase section */

/* Begin PBXShellScriptBuildPhase section */
		BFF978E456888F4A86BAF01F /* [CP] Embed Pods Frameworks */ = {
			isa = PBXShellScriptBuildPhase;
			buildActionMask = 2147483647;
			files = (
			);
			inputFileListPaths = (
			);
			inputPaths = (
				"${SRCROOT}/Pods/Target Support Files/Pods-Todoey/Pods-Todoey-frameworks.sh",
				"${BUILT_PRODUCTS_DIR}/Realm/Realm.framework",
				"${BUILT_PRODUCTS_DIR}/RealmSwift/RealmSwift.framework",
			);
			name = "[CP] Embed Pods Frameworks";
			outputFileListPaths = (
			);
			outputPaths = (
				"${TARGET_BUILD_DIR}/${FRAMEWORKS_FOLDER_PATH}/Realm.framework",
				"${TARGET_BUILD_DIR}/${FRAMEWORKS_FOLDER_PATH}/RealmSwift.framework",
			);
			runOnlyForDeploymentPostprocessing = 0;
			shellPath = /bin/sh;
			shellScript = "\"${SRCROOT}/Pods/Target Support Files/Pods-Todoey/Pods-Todoey-frameworks.sh\"\n";
			showEnvVarsInLog = 0;
		};
		D69E73C6B0B0EBA7718D9B1D /* [CP] Check Pods Manifest.lock */ = {
			isa = PBXShellScriptBuildPhase;
			buildActionMask = 2147483647;
			files = (
			);
			inputFileListPaths = (
			);
			inputPaths = (
				"${PODS_PODFILE_DIR_PATH}/Podfile.lock",
				"${PODS_ROOT}/Manifest.lock",
			);
			name = "[CP] Check Pods Manifest.lock";
			outputFileListPaths = (
			);
			outputPaths = (
				"$(DERIVED_FILE_DIR)/Pods-Todoey-checkManifestLockResult.txt",
			);
			runOnlyForDeploymentPostprocessing = 0;
			shellPath = /bin/sh;
			shellScript = "diff \"${PODS_PODFILE_DIR_PATH}/Podfile.lock\" \"${PODS_ROOT}/Manifest.lock\" > /dev/null\nif [ $? != 0 ] ; then\n    # print error to STDERR\n    echo \"error: The sandbox is not in sync with the Podfile.lock. Run 'pod install' or update your CocoaPods installation.\" >&2\n    exit 1\nfi\n# This output is used by Xcode 'outputs' to avoid re-running this script phase.\necho \"SUCCESS\" > \"${SCRIPT_OUTPUT_FILE_0}\"\n";
			showEnvVarsInLog = 0;
		};
/* End PBXShellScriptBuildPhase section */

/* Begin PBXSourcesBuildPhase section */
		18FD6A02220DE6B700865760 /* Sources */ = {
			isa = PBXSourcesBuildPhase;
			buildActionMask = 2147483647;
			files = (
				18FC9D532218753D0086DB2E /* Problems.swift in Sources */,
				18EADC8F2221B8760068D3B8 /* BoulderProblems.swift in Sources */,
				1853B66722130F2100246D2C /* BouldersViewController.swift in Sources */,
				18B96C23221C6EB8008268C9 /* BoulderViewController.swift in Sources */,
				18FD6A0C220DE6B700865760 /* ProblemsViewController.swift in Sources */,
				18FD6A0A220DE6B700865760 /* AppDelegate.swift in Sources */,
				18FC9D55221875530086DB2E /* Boulder.swift in Sources */,
			);
			runOnlyForDeploymentPostprocessing = 0;
		};
/* End PBXSourcesBuildPhase section */

/* Begin PBXVariantGroup section */
		18FD6A0D220DE6B700865760 /* Main.storyboard */ = {
			isa = PBXVariantGroup;
			children = (
				18FD6A0E220DE6B700865760 /* Base */,
			);
			name = Main.storyboard;
			sourceTree = "<group>";
		};
		18FD6A12220DE6B800865760 /* LaunchScreen.storyboard */ = {
			isa = PBXVariantGroup;
			children = (
				18FD6A13220DE6B800865760 /* Base */,
			);
			name = LaunchScreen.storyboard;
			sourceTree = "<group>";
		};
/* End PBXVariantGroup section */

/* Begin XCBuildConfiguration section */
		18FD6A16220DE6B800865760 /* Debug */ = {
			isa = XCBuildConfiguration;
			buildSettings = {
				ALWAYS_SEARCH_USER_PATHS = NO;
				CLANG_ANALYZER_NONNULL = YES;
				CLANG_ANALYZER_NUMBER_OBJECT_CONVERSION = YES_AGGRESSIVE;
				CLANG_CXX_LANGUAGE_STANDARD = "gnu++14";
				CLANG_CXX_LIBRARY = "libc++";
				CLANG_ENABLE_MODULES = YES;
				CLANG_ENABLE_OBJC_ARC = YES;
				CLANG_ENABLE_OBJC_WEAK = YES;
				CLANG_WARN_BLOCK_CAPTURE_AUTORELEASING = YES;
				CLANG_WARN_BOOL_CONVERSION = YES;
				CLANG_WARN_COMMA = YES;
				CLANG_WARN_CONSTANT_CONVERSION = YES;
				CLANG_WARN_DEPRECATED_OBJC_IMPLEMENTATIONS = YES;
				CLANG_WARN_DIRECT_OBJC_ISA_USAGE = YES_ERROR;
				CLANG_WARN_DOCUMENTATION_COMMENTS = YES;
				CLANG_WARN_EMPTY_BODY = YES;
				CLANG_WARN_ENUM_CONVERSION = YES;
				CLANG_WARN_INFINITE_RECURSION = YES;
				CLANG_WARN_INT_CONVERSION = YES;
				CLANG_WARN_NON_LITERAL_NULL_CONVERSION = YES;
				CLANG_WARN_OBJC_IMPLICIT_RETAIN_SELF = YES;
				CLANG_WARN_OBJC_LITERAL_CONVERSION = YES;
				CLANG_WARN_OBJC_ROOT_CLASS = YES_ERROR;
				CLANG_WARN_RANGE_LOOP_ANALYSIS = YES;
				CLANG_WARN_STRICT_PROTOTYPES = YES;
				CLANG_WARN_SUSPICIOUS_MOVE = YES;
				CLANG_WARN_UNGUARDED_AVAILABILITY = YES_AGGRESSIVE;
				CLANG_WARN_UNREACHABLE_CODE = YES;
				CLANG_WARN__DUPLICATE_METHOD_MATCH = YES;
				CODE_SIGN_IDENTITY = "iPhone Developer";
				COPY_PHASE_STRIP = NO;
				DEBUG_INFORMATION_FORMAT = dwarf;
				ENABLE_STRICT_OBJC_MSGSEND = YES;
				ENABLE_TESTABILITY = YES;
				GCC_C_LANGUAGE_STANDARD = gnu11;
				GCC_DYNAMIC_NO_PIC = NO;
				GCC_NO_COMMON_BLOCKS = YES;
				GCC_OPTIMIZATION_LEVEL = 0;
				GCC_PREPROCESSOR_DEFINITIONS = (
					"DEBUG=1",
					"$(inherited)",
				);
				GCC_WARN_64_TO_32_BIT_CONVERSION = YES;
				GCC_WARN_ABOUT_RETURN_TYPE = YES_ERROR;
				GCC_WARN_UNDECLARED_SELECTOR = YES;
				GCC_WARN_UNINITIALIZED_AUTOS = YES_AGGRESSIVE;
				GCC_WARN_UNUSED_FUNCTION = YES;
				GCC_WARN_UNUSED_VARIABLE = YES;
				IPHONEOS_DEPLOYMENT_TARGET = 12.1;
				MTL_ENABLE_DEBUG_INFO = INCLUDE_SOURCE;
				MTL_FAST_MATH = YES;
				ONLY_ACTIVE_ARCH = YES;
				SDKROOT = iphoneos;
				SWIFT_ACTIVE_COMPILATION_CONDITIONS = DEBUG;
				SWIFT_OPTIMIZATION_LEVEL = "-Onone";
			};
			name = Debug;
		};
		18FD6A17220DE6B800865760 /* Release */ = {
			isa = XCBuildConfiguration;
			buildSettings = {
				ALWAYS_SEARCH_USER_PATHS = NO;
				CLANG_ANALYZER_NONNULL = YES;
				CLANG_ANALYZER_NUMBER_OBJECT_CONVERSION = YES_AGGRESSIVE;
				CLANG_CXX_LANGUAGE_STANDARD = "gnu++14";
				CLANG_CXX_LIBRARY = "libc++";
				CLANG_ENABLE_MODULES = YES;
				CLANG_ENABLE_OBJC_ARC = YES;
				CLANG_ENABLE_OBJC_WEAK = YES;
				CLANG_WARN_BLOCK_CAPTURE_AUTORELEASING = YES;
				CLANG_WARN_BOOL_CONVERSION = YES;
				CLANG_WARN_COMMA = YES;
				CLANG_WARN_CONSTANT_CONVERSION = YES;
				CLANG_WARN_DEPRECATED_OBJC_IMPLEMENTATIONS = YES;
				CLANG_WARN_DIRECT_OBJC_ISA_USAGE = YES_ERROR;
				CLANG_WARN_DOCUMENTATION_COMMENTS = YES;
				CLANG_WARN_EMPTY_BODY = YES;
				CLANG_WARN_ENUM_CONVERSION = YES;
				CLANG_WARN_INFINITE_RECURSION = YES;
				CLANG_WARN_INT_CONVERSION = YES;
				CLANG_WARN_NON_LITERAL_NULL_CONVERSION = YES;
				CLANG_WARN_OBJC_IMPLICIT_RETAIN_SELF = YES;
				CLANG_WARN_OBJC_LITERAL_CONVERSION = YES;
				CLANG_WARN_OBJC_ROOT_CLASS = YES_ERROR;
				CLANG_WARN_RANGE_LOOP_ANALYSIS = YES;
				CLANG_WARN_STRICT_PROTOTYPES = YES;
				CLANG_WARN_SUSPICIOUS_MOVE = YES;
				CLANG_WARN_UNGUARDED_AVAILABILITY = YES_AGGRESSIVE;
				CLANG_WARN_UNREACHABLE_CODE = YES;
				CLANG_WARN__DUPLICATE_METHOD_MATCH = YES;
				CODE_SIGN_IDENTITY = "iPhone Developer";
				COPY_PHASE_STRIP = NO;
				DEBUG_INFORMATION_FORMAT = "dwarf-with-dsym";
				ENABLE_NS_ASSERTIONS = NO;
				ENABLE_STRICT_OBJC_MSGSEND = YES;
				GCC_C_LANGUAGE_STANDARD = gnu11;
				GCC_NO_COMMON_BLOCKS = YES;
				GCC_WARN_64_TO_32_BIT_CONVERSION = YES;
				GCC_WARN_ABOUT_RETURN_TYPE = YES_ERROR;
				GCC_WARN_UNDECLARED_SELECTOR = YES;
				GCC_WARN_UNINITIALIZED_AUTOS = YES_AGGRESSIVE;
				GCC_WARN_UNUSED_FUNCTION = YES;
				GCC_WARN_UNUSED_VARIABLE = YES;
				IPHONEOS_DEPLOYMENT_TARGET = 12.1;
				MTL_ENABLE_DEBUG_INFO = NO;
				MTL_FAST_MATH = YES;
				SDKROOT = iphoneos;
				SWIFT_COMPILATION_MODE = wholemodule;
				SWIFT_OPTIMIZATION_LEVEL = "-O";
				VALIDATE_PRODUCT = YES;
			};
			name = Release;
		};
		18FD6A19220DE6B800865760 /* Debug */ = {
			isa = XCBuildConfiguration;
			baseConfigurationReference = 981B55136A391C42F97BC508 /* Pods-Todoey.debug.xcconfig */;
			buildSettings = {
				ASSETCATALOG_COMPILER_APPICON_NAME = AppIcon;
				CODE_SIGN_STYLE = Automatic;
				DEVELOPMENT_TEAM = R6UV78SHN6;
				INFOPLIST_FILE = Todoey/Info.plist;
				LD_RUNPATH_SEARCH_PATHS = (
					"$(inherited)",
					"@executable_path/Frameworks",
				);
				PRODUCT_BUNDLE_IDENTIFIER = com.jak.BoulderGuide;
				PRODUCT_NAME = "$(TARGET_NAME)";
				SWIFT_VERSION = 4.2;
				TARGETED_DEVICE_FAMILY = "1,2";
			};
			name = Debug;
		};
		18FD6A1A220DE6B800865760 /* Release */ = {
			isa = XCBuildConfiguration;
			baseConfigurationReference = 03C633948A4AE9AB4DBD95D2 /* Pods-Todoey.release.xcconfig */;
			buildSettings = {
				ASSETCATALOG_COMPILER_APPICON_NAME = AppIcon;
				CODE_SIGN_STYLE = Automatic;
				DEVELOPMENT_TEAM = R6UV78SHN6;
				INFOPLIST_FILE = Todoey/Info.plist;
				LD_RUNPATH_SEARCH_PATHS = (
					"$(inherited)",
					"@executable_path/Frameworks",
				);
				PRODUCT_BUNDLE_IDENTIFIER = com.jak.BoulderGuide;
				PRODUCT_NAME = "$(TARGET_NAME)";
				SWIFT_VERSION = 4.2;
				TARGETED_DEVICE_FAMILY = "1,2";
			};
			name = Release;
		};
/* End XCBuildConfiguration section */

/* Begin XCConfigurationList section */
		18FD6A01220DE6B700865760 /* Build configuration list for PBXProject "BoulderGuide" */ = {
			isa = XCConfigurationList;
			buildConfigurations = (
				18FD6A16220DE6B800865760 /* Debug */,
				18FD6A17220DE6B800865760 /* Release */,
			);
			defaultConfigurationIsVisible = 0;
			defaultConfigurationName = Release;
		};
		18FD6A18220DE6B800865760 /* Build configuration list for PBXNativeTarget "BoulderGuide" */ = {
			isa = XCConfigurationList;
			buildConfigurations = (
				18FD6A19220DE6B800865760 /* Debug */,
				18FD6A1A220DE6B800865760 /* Release */,
			);
			defaultConfigurationIsVisible = 0;
			defaultConfigurationName = Release;
		};
/* End XCConfigurationList section */
	};
	rootObject = 18FD69FE220DE6B700865760 /* Project object */;
}
